
Microsoft Visual Studio Solution File, Format Version 12.00
# Visual Studio Version 17
VisualStudioVersion = 17.9.34902.65
MinimumVisualStudioVersion = 10.0.40219.1
Project("{FAE04EC0-301F-11D3-BF4B-00C04F79EFBC}") = "ABMEpec", "ABMEpec.csproj", "{8851C466-2C28-41AB-92B7-32823BAD36B3}"
EndProject
Global
	GlobalSection(SolutionConfigurationPlatforms) = preSolution
		Debug|Any CPU = Debug|Any CPU
		Release|Any CPU = Release|Any CPU
	EndGlobalSection
	GlobalSection(ProjectConfigurationPlatforms) = postSolution
		{8851C466-2C28-41AB-92B7-32823BAD36B3}.Debug|Any CPU.ActiveCfg = Debug|Any CPU
		{8851C466-2C28-41AB-92B7-32823BAD36B3}.Debug|Any CPU.Build.0 = Debug|Any CPU
		{8851C466-2C28-41AB-92B7-32823BAD36B3}.Release|Any CPU.ActiveCfg = Release|Any CPU
		{8851C466-2C28-41AB-92B7-32823BAD36B3}.Release|Any CPU.Build.0 = Release|Any CPU
	EndGlobalSection
	GlobalSection(SolutionProperties) = preSolution
		HideSolutionNode = FALSE
	EndGlobalSection
	GlobalSection(ExtensibilityGlobals) = postSolution
		SolutionGuid = {248B1588-0DCD-4AFF-A768-44B1D22F62F0}
	EndGlobalSection
EndGlobal
